<?xml version="1.0" encoding="utf-8"?>
<Project ToolsVersion="4.0" xmlns="http://schemas.microsoft.com/developer/msbuild/2003">
  <ItemGroup>
    <Filter Include="Unity">
      <UniqueIdentifier>{422e456e-60a3-4b74-a587-7c5bb1887bc2}</UniqueIdentifier>
    </Filter>
    <Filter Include="Capture">
      <UniqueIdentifier>{1d7e0327-4485-4df9-bd17-e20a10c4d90c}</UniqueIdentifier>
    </Filter>
    <Filter Include="Test">
      <UniqueIdentifier>{c5e721b6-ff28-4b1f-b75a-0460b2b06839}</UniqueIdentifier>
    </Filter>
    <Filter Include="Encode">
      <UniqueIdentifier>{2b1b5375-0e6c-4878-99c2-c086937f142a}</UniqueIdentifier>
    </Filter>
  </ItemGroup>
  <ItemGroup>
    <ClCompile Include="dllmain.cpp" />
    <ClCompile Include="stdafx.cpp" />
    <ClCompile Include="WatchMeAlwaysLib.cpp" />
    <ClCompile Include="Unity\UnityDebugCpp.cpp">
      <Filter>Unity</Filter>
    </ClCompile>
    <ClCompile Include="test\UnityDebugCppTest.cpp">
      <Filter>Test</Filter>
    </ClCompile>
    <ClCompile Include="test\CaptureTest.cpp">
      <Filter>Test</Filter>
    </ClCompile>
    <ClCompile Include="Unity\Debug.cpp">
      <Filter>Unity</Filter>
    </ClCompile>
    <ClCompile Include="Capture\DesktopCapturer.cpp">
      <Filter>Capture</Filter>
    </ClCompile>
    <ClCompile Include="Encode\Frame.cpp">
      <Filter>Encode</Filter>
    </ClCompile>
    <ClCompile Include="Encode\Encoder.cpp">
      <Filter>Encode</Filter>
    </ClCompile>
    <ClCompile Include="test\EncoderTest.cpp">
      <Filter>Test</Filter>
    </ClCompile>
  </ItemGroup>
  <ItemGroup>
    <ClInclude Include="stdafx.h" />
    <ClInclude Include="targetver.h" />
    <ClInclude Include="Unity\UnityDebugCpp.h">
      <Filter>Unity</Filter>
    </ClInclude>
    <ClInclude Include="Unity\Debug.h">
      <Filter>Unity</Filter>
    </ClInclude>
    <ClInclude Include="Capture\DesktopCapturer.h">
      <Filter>Capture</Filter>
    </ClInclude>
    <ClInclude Include="Encode\Frame.h">
      <Filter>Encode</Filter>
    </ClInclude>
    <ClInclude Include="Encode\Encoder.h">
      <Filter>Encode</Filter>
    </ClInclude>
  </ItemGroup>
</Project>